
Microsoft Visual Studio Solution File, Format Version 12.00
# Visual Studio 15
VisualStudioVersion = 15.0.28307.421
MinimumVisualStudioVersion = 10.0.40219.1
Project("{FAE04EC0-301F-11D3-BF4B-00C04F79EFBC}") = "ThesisPrototype", "ThesisPrototype\ThesisPrototype.csproj", "{858D79D7-837F-469E-B9F9-39B3D63B2756}"
EndProject
Global
	GlobalSection(SolutionConfigurationPlatforms) = preSolution
		Debug|Any CPU = Debug|Any CPU
		Release|Any CPU = Release|Any CPU
	EndGlobalSection
	GlobalSection(ProjectConfigurationPlatforms) = postSolution
		{858D79D7-837F-469E-B9F9-39B3D63B2756}.Debug|Any CPU.ActiveCfg = Debug|Any CPU
		{858D79D7-837F-469E-B9F9-39B3D63B2756}.Debug|Any CPU.Build.0 = Debug|Any CPU
		{858D79D7-837F-469E-B9F9-39B3D63B2756}.Release|Any CPU.ActiveCfg = Release|Any CPU
		{858D79D7-837F-469E-B9F9-39B3D63B2756}.Release|Any CPU.Build.0 = Release|Any CPU
	EndGlobalSection
	GlobalSection(SolutionProperties) = preSolution
		HideSolutionNode = FALSE
	EndGlobalSection
	GlobalSection(ExtensibilityGlobals) = postSolution
		SolutionGuid = {CB0AC5C5-F0DA-4D9F-83DA-DC2A45851B90}
	EndGlobalSection
EndGlobal
